{
  "name": "selenium-server-node",
  "version": "1.0.0",
  "lockfileVersion": 1,
  "requires": true,
  "dependencies": {
    "selenium-server": {
      "version": "3.141.59",
      "resolved": "https://registry.npmjs.org/selenium-server/-/selenium-server-3.141.59.tgz",
      "integrity": "sha512-pL7T1YtAqOEXiBbTx0KdZMkE2U7PYucemd7i0nDLcxcR1APXYZlJfNr5hrvL3mZgwXb7AJEZPINzC6mDU3eP5g=="
    }
  }
}
